
Microsoft Visual Studio Solution File, Format Version 12.00
# Visual Studio Version 17
VisualStudioVersion = 17.1.32407.343
MinimumVisualStudioVersion = 10.0.40219.1
Project("{FAE04EC0-301F-11D3-BF4B-00C04F79EFBC}") = "SteamCustomStatus", "SteamCustomStatus.csproj", "{E1CF4018-8B9B-4DDB-B65B-847BF1D8CD04}"
EndProject
Global
	GlobalSection(SolutionConfigurationPlatforms) = preSolution
		Debug|Any CPU = Debug|Any CPU
		Release|Any CPU = Release|Any CPU
	EndGlobalSection
	GlobalSection(ProjectConfigurationPlatforms) = postSolution
		{E1CF4018-8B9B-4DDB-B65B-847BF1D8CD04}.Debug|Any CPU.ActiveCfg = Debug|Any CPU
		{E1CF4018-8B9B-4DDB-B65B-847BF1D8CD04}.Debug|Any CPU.Build.0 = Debug|Any CPU
		{E1CF4018-8B9B-4DDB-B65B-847BF1D8CD04}.Release|Any CPU.ActiveCfg = Release|Any CPU
		{E1CF4018-8B9B-4DDB-B65B-847BF1D8CD04}.Release|Any CPU.Build.0 = Release|Any CPU
	EndGlobalSection
	GlobalSection(SolutionProperties) = preSolution
		HideSolutionNode = FALSE
	EndGlobalSection
	GlobalSection(ExtensibilityGlobals) = postSolution
		SolutionGuid = {5BCC91A9-E88D-4894-8459-32E23CDC0296}
	EndGlobalSection
EndGlobal
